// !$*UTF8*$!
{
	archiveVersion = 1;
	classes = {
	};
	objectVersion = 48;
	objects = {

/* Begin PBXBuildFile section */
		60E047D721397FC2007156D7 /* AppDelegate.m in Sources */ = {isa = PBXBuildFile; fileRef = 60E047D621397FC2007156D7 /* AppDelegate.m */; };
		60E047DA21397FC2007156D7 /* ViewController.m in Sources */ = {isa = PBXBuildFile; fileRef = 60E047D921397FC2007156D7 /* ViewController.m */; };
		60E047DD21397FC2007156D7 /* Main.storyboard in Resources */ = {isa = PBXBuildFile; fileRef = 60E047DB21397FC2007156D7 /* Main.storyboard */; };
		60E047DF21397FC2007156D7 /* Assets.xcassets in Resources */ = {isa = PBXBuildFile; fileRef = 60E047DE21397FC2007156D7 /* Assets.xcassets */; };
		60E047E221397FC2007156D7 /* LaunchScreen.storyboard in Resources */ = {isa = PBXBuildFile; fileRef = 60E047E021397FC2007156D7 /* LaunchScreen.storyboard */; };
		60E047E521397FC2007156D7 /* main.m in Sources */ = {isa = PBXBuildFile; fileRef = 60E047E421397FC2007156D7 /* main.m */; };
		60E047EF21397FC2007156D7 /* _____Tests.m in Sources */ = {isa = PBXBuildFile; fileRef = 60E047EE21397FC2007156D7 /* _____Tests.m */; };
		60E047FA21397FC2007156D7 /* _____UITests.m in Sources */ = {isa = PBXBuildFile; fileRef = 60E047F921397FC2007156D7 /* _____UITests.m */; };
/* End PBXBuildFile section */

/* Begin PBXContainerItemProxy section */
		60E047EB21397FC2007156D7 /* PBXContainerItemProxy */ = {
			isa = PBXContainerItemProxy;
			containerPortal = 60E047CA21397FC2007156D7 /* Project object */;
			proxyType = 1;
			remoteGlobalIDString = 60E047D121397FC2007156D7;
			remoteInfo = "百思不得姐";
		};
		60E047F621397FC2007156D7 /* PBXContainerItemProxy */ = {
			isa = PBXContainerItemProxy;
			containerPortal = 60E047CA21397FC2007156D7 /* Project object */;
			proxyType = 1;
			remoteGlobalIDString = 60E047D121397FC2007156D7;
			remoteInfo = "百思不得姐";
		};
/* End PBXContainerItemProxy section */

/* Begin PBXFileReference section */
		60E047D221397FC2007156D7 /* 百思不得姐.app */ = {isa = PBXFileReference; explicitFileType = wrapper.application; includeInIndex = 0; path = "百思不得姐.app"; sourceTree = BUILT_PRODUCTS_DIR; };
		60E047D521397FC2007156D7 /* AppDelegate.h */ = {isa = PBXFileReference; lastKnownFileType = sourcecode.c.h; path = AppDelegate.h; sourceTree = "<group>"; };
		60E047D621397FC2007156D7 /* AppDelegate.m */ = {isa = PBXFileReference; lastKnownFileType = sourcecode.c.objc; path = AppDelegate.m; sourceTree = "<group>"; };
		60E047D821397FC2007156D7 /* ViewController.h */ = {isa = PBXFileReference; lastKnownFileType = sourcecode.c.h; path = ViewController.h; sourceTree = "<group>"; };
		60E047D921397FC2007156D7 /* ViewController.m */ = {isa = PBXFileReference; lastKnownFileType = sourcecode.c.objc; path = ViewController.m; sourceTree = "<group>"; };
		60E047DC21397FC2007156D7 /* Base */ = {isa = PBXFileReference; lastKnownFileType = file.storyboard; name = Base; path = Base.lproj/Main.storyboard; sourceTree = "<group>"; };
		60E047DE21397FC2007156D7 /* Assets.xcassets */ = {isa = PBXFileReference; lastKnownFileType = folder.assetcatalog; path = Assets.xcassets; sourceTree = "<group>"; };
		60E047E121397FC2007156D7 /* Base */ = {isa = PBXFileReference; lastKnownFileType = file.storyboard; name = Base; path = Base.lproj/LaunchScreen.storyboard; sourceTree = "<group>"; };
		60E047E321397FC2007156D7 /* Info.plist */ = {isa = PBXFileReference; lastKnownFileType = text.plist.xml; path = Info.plist; sourceTree = "<group>"; };
		60E047E421397FC2007156D7 /* main.m */ = {isa = PBXFileReference; lastKnownFileType = sourcecode.c.objc; path = main.m; sourceTree = "<group>"; };
		60E047EA21397FC2007156D7 /* 百思不得姐Tests.xctest */ = {isa = PBXFileReference; explicitFileType = wrapper.cfbundle; includeInIndex = 0; path = "百思不得姐Tests.xctest"; sourceTree = BUILT_PRODUCTS_DIR; };
		60E047EE21397FC2007156D7 /* _____Tests.m */ = {isa = PBXFileReference; lastKnownFileType = sourcecode.c.objc; path = "_____Tests.m"; sourceTree = "<group>"; };
		60E047F021397FC2007156D7 /* Info.plist */ = {isa = PBXFileReference; lastKnownFileType = text.plist.xml; path = Info.plist; sourceTree = "<group>"; };
		60E047F521397FC2007156D7 /* 百思不得姐UITests.xctest */ = {isa = PBXFileReference; explicitFileType = wrapper.cfbundle; includeInIndex = 0; path = "百思不得姐UITests.xctest"; sourceTree = BUILT_PRODUCTS_DIR; };
		60E047F921397FC2007156D7 /* _____UITests.m */ = {isa = PBXFileReference; lastKnownFileType = sourcecode.c.objc; path = "_____UITests.m"; sourceTree = "<group>"; };
		60E047FB21397FC2007156D7 /* Info.plist */ = {isa = PBXFileReference; lastKnownFileType = text.plist.xml; path = Info.plist; sourceTree = "<group>"; };
/* End PBXFileReference section */

/* Begin PBXFrameworksBuildPhase section */
		60E047CF21397FC2007156D7 /* Frameworks */ = {
			isa = PBXFrameworksBuildPhase;
			buildActionMask = 2147483647;
			files = (
			);
			runOnlyForDeploymentPostprocessing = 0;
		};
		60E047E721397FC2007156D7 /* Frameworks */ = {
			isa = PBXFrameworksBuildPhase;
			buildActionMask = 2147483647;
			files = (
			);
			runOnlyForDeploymentPostprocessing = 0;
		};
		60E047F221397FC2007156D7 /* Frameworks */ = {
			isa = PBXFrameworksBuildPhase;
			buildActionMask = 2147483647;
			files = (
			);
			runOnlyForDeploymentPostprocessing = 0;
		};
/* End PBXFrameworksBuildPhase section */

/* Begin PBXGroup section */
		60E047C921397FC2007156D7 = {
			isa = PBXGroup;
			children = (
				60E047D421397FC2007156D7 /* 百思不得姐 */,
				60E047ED21397FC2007156D7 /* 百思不得姐Tests */,
				60E047F821397FC2007156D7 /* 百思不得姐UITests */,
				60E047D321397FC2007156D7 /* Products */,
			);
			sourceTree = "<group>";
		};
		60E047D321397FC2007156D7 /* Products */ = {
			isa = PBXGroup;
			children = (
				60E047D221397FC2007156D7 /* 百思不得姐.app */,
				60E047EA21397FC2007156D7 /* 百思不得姐Tests.xctest */,
				60E047F521397FC2007156D7 /* 百思不得姐UITests.xctest */,
			);
			name = Products;
			sourceTree = "<group>";
		};
		60E047D421397FC2007156D7 /* 百思不得姐 */ = {
			isa = PBXGroup;
			children = (
				60E047D521397FC2007156D7 /* AppDelegate.h */,
				60E047D621397FC2007156D7 /* AppDelegate.m */,
				60E047D821397FC2007156D7 /* ViewController.h */,
				60E047D921397FC2007156D7 /* ViewController.m */,
				60E047DB21397FC2007156D7 /* Main.storyboard */,
				60E047DE21397FC2007156D7 /* Assets.xcassets */,
				60E047E021397FC2007156D7 /* LaunchScreen.storyboard */,
				60E047E321397FC2007156D7 /* Info.plist */,
				60E047E421397FC2007156D7 /* main.m */,
			);
			path = "百思不得姐";
			sourceTree = "<group>";
		};
		60E047ED21397FC2007156D7 /* 百思不得姐Tests */ = {
			isa = PBXGroup;
			children = (
				60E047EE21397FC2007156D7 /* _____Tests.m */,
				60E047F021397FC2007156D7 /* Info.plist */,
			);
			path = "百思不得姐Tests";
			sourceTree = "<group>";
		};
		60E047F821397FC2007156D7 /* 百思不得姐UITests */ = {
			isa = PBXGroup;
			children = (
				60E047F921397FC2007156D7 /* _____UITests.m */,
				60E047FB21397FC2007156D7 /* Info.plist */,
			);
			path = "百思不得姐UITests";
			sourceTree = "<group>";
		};
/* End PBXGroup section */

/* Begin PBXNativeTarget section */
		60E047D121397FC2007156D7 /* 百思不得姐 */ = {
			isa = PBXNativeTarget;
			buildConfigurationList = 60E047FE21397FC2007156D7 /* Build configuration list for PBXNativeTarget "百思不得姐" */;
			buildPhases = (
				60E047CE21397FC2007156D7 /* Sources */,
				60E047CF21397FC2007156D7 /* Frameworks */,
				60E047D021397FC2007156D7 /* Resources */,
			);
			buildRules = (
			);
			dependencies = (
			);
			name = "百思不得姐";
			productName = "百思不得姐";
			productReference = 60E047D221397FC2007156D7 /* 百思不得姐.app */;
			productType = "com.apple.product-type.application";
		};
		60E047E921397FC2007156D7 /* 百思不得姐Tests */ = {
			isa = PBXNativeTarget;
			buildConfigurationList = 60E0480121397FC2007156D7 /* Build configuration list for PBXNativeTarget "百思不得姐Tests" */;
			buildPhases = (
				60E047E621397FC2007156D7 /* Sources */,
				60E047E721397FC2007156D7 /* Frameworks */,
				60E047E821397FC2007156D7 /* Resources */,
			);
			buildRules = (
			);
			dependencies = (
				60E047EC21397FC2007156D7 /* PBXTargetDependency */,
			);
			name = "百思不得姐Tests";
			productName = "百思不得姐Tests";
			productReference = 60E047EA21397FC2007156D7 /* 百思不得姐Tests.xctest */;
			productType = "com.apple.product-type.bundle.unit-test";
		};
		60E047F421397FC2007156D7 /* 百思不得姐UITests */ = {
			isa = PBXNativeTarget;
			buildConfigurationList = 60E0480421397FC2007156D7 /* Build configuration list for PBXNativeTarget "百思不得姐UITests" */;
			buildPhases = (
				60E047F121397FC2007156D7 /* Sources */,
				60E047F221397FC2007156D7 /* Frameworks */,
				60E047F321397FC2007156D7 /* Resources */,
			);
			buildRules = (
			);
			dependencies = (
				60E047F721397FC2007156D7 /* PBXTargetDependency */,
			);
			name = "百思不得姐UITests";
			productName = "百思不得姐UITests";
			productReference = 60E047F521397FC2007156D7 /* 百思不得姐UITests.xctest */;
			productType = "com.apple.product-type.bundle.ui-testing";
		};
/* End PBXNativeTarget section */

/* Begin PBXProject section */
		60E047CA21397FC2007156D7 /* Project object */ = {
			isa = PBXProject;
			attributes = {
				LastUpgradeCheck = 0920;
				ORGANIZATIONNAME = "吴章琦";
				TargetAttributes = {
					60E047D121397FC2007156D7 = {
						CreatedOnToolsVersion = 9.2;
						ProvisioningStyle = Automatic;
					};
					60E047E921397FC2007156D7 = {
						CreatedOnToolsVersion = 9.2;
						ProvisioningStyle = Automatic;
						TestTargetID = 60E047D121397FC2007156D7;
					};
					60E047F421397FC2007156D7 = {
						CreatedOnToolsVersion = 9.2;
						ProvisioningStyle = Automatic;
						TestTargetID = 60E047D121397FC2007156D7;
					};
				};
			};
			buildConfigurationList = 60E047CD21397FC2007156D7 /* Build configuration list for PBXProject "百思不得姐" */;
			compatibilityVersion = "Xcode 8.0";
			developmentRegion = en;
			hasScannedForEncodings = 0;
			knownRegions = (
				en,
				Base,
			);
			mainGroup = 60E047C921397FC2007156D7;
			productRefGroup = 60E047D321397FC2007156D7 /* Products */;
			projectDirPath = "";
			projectRoot = "";
			targets = (
				60E047D121397FC2007156D7 /* 百思不得姐 */,
				60E047E921397FC2007156D7 /* 百思不得姐Tests */,
				60E047F421397FC2007156D7 /* 百思不得姐UITests */,
			);
		};
/* End PBXProject section */

/* Begin PBXResourcesBuildPhase section */
		60E047D021397FC2007156D7 /* Resources */ = {
			isa = PBXResourcesBuildPhase;
			buildActionMask = 2147483647;
			files = (
				60E047E221397FC2007156D7 /* LaunchScreen.storyboard in Resources */,
				60E047DF21397FC2007156D7 /* Assets.xcassets in Resources */,
				60E047DD21397FC2007156D7 /* Main.storyboard in Resources */,
			);
			runOnlyForDeploymentPostprocessing = 0;
		};
		60E047E821397FC2007156D7 /* Resources */ = {
			isa = PBXResourcesBuildPhase;
			buildActionMask = 2147483647;
			files = (
			);
			runOnlyForDeploymentPostprocessing = 0;
		};
		60E047F321397FC2007156D7 /* Resources */ = {
			isa = PBXResourcesBuildPhase;
			buildActionMask = 2147483647;
			files = (
			);
			runOnlyForDeploymentPostprocessing = 0;
		};
/* End PBXResourcesBuildPhase section */

/* Begin PBXSourcesBuildPhase section */
		60E047CE21397FC2007156D7 /* Sources */ = {
			isa = PBXSourcesBuildPhase;
			buildActionMask = 2147483647;
			files = (
				60E047DA21397FC2007156D7 /* ViewController.m in Sources */,
				60E047E521397FC2007156D7 /* main.m in Sources */,
				60E047D721397FC2007156D7 /* AppDelegate.m in Sources */,
			);
			runOnlyForDeploymentPostprocessing = 0;
		};
		60E047E621397FC2007156D7 /* Sources */ = {
			isa = PBXSourcesBuildPhase;
			buildActionMask = 2147483647;
			files = (
				60E047EF21397FC2007156D7 /* _____Tests.m in Sources */,
			);
			runOnlyForDeploymentPostprocessing = 0;
		};
		60E047F121397FC2007156D7 /* Sources */ = {
			isa = PBXSourcesBuildPhase;
			buildActionMask = 2147483647;
			files = (
				60E047FA21397FC2007156D7 /* _____UITests.m in Sources */,
			);
			runOnlyForDeploymentPostprocessing = 0;
		};
/* End PBXSourcesBuildPhase section */

/* Begin PBXTargetDependency section */
		60E047EC21397FC2007156D7 /* PBXTargetDependency */ = {
			isa = PBXTargetDependency;
			target = 60E047D121397FC2007156D7 /* 百思不得姐 */;
			targetProxy = 60E047EB21397FC2007156D7 /* PBXContainerItemProxy */;
		};
		60E047F721397FC2007156D7 /* PBXTargetDependency */ = {
			isa = PBXTargetDependency;
			target = 60E047D121397FC2007156D7 /* 百思不得姐 */;
			targetProxy = 60E047F621397FC2007156D7 /* PBXContainerItemProxy */;
		};
/* End PBXTargetDependency section */

/* Begin PBXVariantGroup section */
		60E047DB21397FC2007156D7 /* Main.storyboard */ = {
			isa = PBXVariantGroup;
			children = (
				60E047DC21397FC2007156D7 /* Base */,
			);
			name = Main.storyboard;
			sourceTree = "<group>";
		};
		60E047E021397FC2007156D7 /* LaunchScreen.storyboard */ = {
			isa = PBXVariantGroup;
			children = (
				60E047E121397FC2007156D7 /* Base */,
			);
			name = LaunchScreen.storyboard;
			sourceTree = "<group>";
		};
/* End PBXVariantGroup section */

/* Begin XCBuildConfiguration section */
		60E047FC21397FC2007156D7 /* Debug */ = {
			isa = XCBuildConfiguration;
			buildSettings = {
				ALWAYS_SEARCH_USER_PATHS = NO;
				CLANG_ANALYZER_NONNULL = YES;
				CLANG_ANALYZER_NUMBER_OBJECT_CONVERSION = YES_AGGRESSIVE;
				CLANG_CXX_LANGUAGE_STANDARD = "gnu++14";
				CLANG_CXX_LIBRARY = "libc++";
				CLANG_ENABLE_MODULES = YES;
				CLANG_ENABLE_OBJC_ARC = YES;
				CLANG_WARN_BLOCK_CAPTURE_AUTORELEASING = YES;
				CLANG_WARN_BOOL_CONVERSION = YES;
				CLANG_WARN_COMMA = YES;
				CLANG_WARN_CONSTANT_CONVERSION = YES;
				CLANG_WARN_DIRECT_OBJC_ISA_USAGE = YES_ERROR;
				CLANG_WARN_DOCUMENTATION_COMMENTS = YES;
				CLANG_WARN_EMPTY_BODY = YES;
				CLANG_WARN_ENUM_CONVERSION = YES;
				CLANG_WARN_INFINITE_RECURSION = YES;
				CLANG_WARN_INT_CONVERSION = YES;
				CLANG_WARN_NON_LITERAL_NULL_CONVERSION = YES;
				CLANG_WARN_OBJC_LITERAL_CONVERSION = YES;
				CLANG_WARN_OBJC_ROOT_CLASS = YES_ERROR;
				CLANG_WARN_RANGE_LOOP_ANALYSIS = YES;
				CLANG_WARN_STRICT_PROTOTYPES = YES;
				CLANG_WARN_SUSPICIOUS_MOVE = YES;
				CLANG_WARN_UNGUARDED_AVAILABILITY = YES_AGGRESSIVE;
				CLANG_WARN_UNREACHABLE_CODE = YES;
				CLANG_WARN__DUPLICATE_METHOD_MATCH = YES;
				CODE_SIGN_IDENTITY = "iPhone Developer";
				COPY_PHASE_STRIP = NO;
				DEBUG_INFORMATION_FORMAT = dwarf;
				ENABLE_STRICT_OBJC_MSGSEND = YES;
				ENABLE_TESTABILITY = YES;
				GCC_C_LANGUAGE_STANDARD = gnu11;
				GCC_DYNAMIC_NO_PIC = NO;
				GCC_NO_COMMON_BLOCKS = YES;
				GCC_OPTIMIZATION_LEVEL = 0;
				GCC_PREPROCESSOR_DEFINITIONS = (
					"DEBUG=1",
					"$(inherited)",
				);
				GCC_WARN_64_TO_32_BIT_CONVERSION = YES;
				GCC_WARN_ABOUT_RETURN_TYPE = YES_ERROR;
				GCC_WARN_UNDECLARED_SELECTOR = YES;
				GCC_WARN_UNINITIALIZED_AUTOS = YES_AGGRESSIVE;
				GCC_WARN_UNUSED_FUNCTION = YES;
				GCC_WARN_UNUSED_VARIABLE = YES;
				IPHONEOS_DEPLOYMENT_TARGET = 11.2;
				MTL_ENABLE_DEBUG_INFO = YES;
				ONLY_ACTIVE_ARCH = YES;
				SDKROOT = iphoneos;
			};
			name = Debug;
		};
		60E047FD21397FC2007156D7 /* Release */ = {
			isa = XCBuildConfiguration;
			buildSettings = {
				ALWAYS_SEARCH_USER_PATHS = NO;
				CLANG_ANALYZER_NONNULL = YES;
				CLANG_ANALYZER_NUMBER_OBJECT_CONVERSION = YES_AGGRESSIVE;
				CLANG_CXX_LANGUAGE_STANDARD = "gnu++14";
				CLANG_CXX_LIBRARY = "libc++";
				CLANG_ENABLE_MODULES = YES;
				CLANG_ENABLE_OBJC_ARC = YES;
				CLANG_WARN_BLOCK_CAPTURE_AUTORELEASING = YES;
				CLANG_WARN_BOOL_CONVERSION = YES;
				CLANG_WARN_COMMA = YES;
				CLANG_WARN_CONSTANT_CONVERSION = YES;
				CLANG_WARN_DIRECT_OBJC_ISA_USAGE = YES_ERROR;
				CLANG_WARN_DOCUMENTATION_COMMENTS = YES;
				CLANG_WARN_EMPTY_BODY = YES;
				CLANG_WARN_ENUM_CONVERSION = YES;
				CLANG_WARN_INFINITE_RECURSION = YES;
				CLANG_WARN_INT_CONVERSION = YES;
				CLANG_WARN_NON_LITERAL_NULL_CONVERSION = YES;
				CLANG_WARN_OBJC_LITERAL_CONVERSION = YES;
				CLANG_WARN_OBJC_ROOT_CLASS = YES_ERROR;
				CLANG_WARN_RANGE_LOOP_ANALYSIS = YES;
				CLANG_WARN_STRICT_PROTOTYPES = YES;
				CLANG_WARN_SUSPICIOUS_MOVE = YES;
				CLANG_WARN_UNGUARDED_AVAILABILITY = YES_AGGRESSIVE;
				CLANG_WARN_UNREACHABLE_CODE = YES;
				CLANG_WARN__DUPLICATE_METHOD_MATCH = YES;
				CODE_SIGN_IDENTITY = "iPhone Developer";
				COPY_PHASE_STRIP = NO;
				DEBUG_INFORMATION_FORMAT = "dwarf-with-dsym";
				ENABLE_NS_ASSERTIONS = NO;
				ENABLE_STRICT_OBJC_MSGSEND = YES;
				GCC_C_LANGUAGE_STANDARD = gnu11;
				GCC_NO_COMMON_BLOCKS = YES;
				GCC_WARN_64_TO_32_BIT_CONVERSION = YES;
				GCC_WARN_ABOUT_RETURN_TYPE = YES_ERROR;
				GCC_WARN_UNDECLARED_SELECTOR = YES;
				GCC_WARN_UNINITIALIZED_AUTOS = YES_AGGRESSIVE;
				GCC_WARN_UNUSED_FUNCTION = YES;
				GCC_WARN_UNUSED_VARIABLE = YES;
				IPHONEOS_DEPLOYMENT_TARGET = 11.2;
				MTL_ENABLE_DEBUG_INFO = NO;
				SDKROOT = iphoneos;
				VALIDATE_PRODUCT = YES;
			};
			name = Release;
		};
		60E047FF21397FC2007156D7 /* Debug */ = {
			isa = XCBuildConfiguration;
			buildSettings = {
				ASSETCATALOG_COMPILER_APPICON_NAME = AppIcon;
				CODE_SIGN_STYLE = Automatic;
				DEVELOPMENT_TEAM = E6BAXA68MD;
				INFOPLIST_FILE = "百思不得姐/Info.plist";
				LD_RUNPATH_SEARCH_PATHS = "$(inherited) @executable_path/Frameworks";
				PRODUCT_BUNDLE_IDENTIFIER = "com.ZhangQi.-----";
				PRODUCT_NAME = "$(TARGET_NAME)";
				TARGETED_DEVICE_FAMILY = "1,2";
			};
			name = Debug;
		};
		60E0480021397FC2007156D7 /* Release */ = {
			isa = XCBuildConfiguration;
			buildSettings = {
				ASSETCATALOG_COMPILER_APPICON_NAME = AppIcon;
				CODE_SIGN_STYLE = Automatic;
				DEVELOPMENT_TEAM = E6BAXA68MD;
				INFOPLIST_FILE = "百思不得姐/Info.plist";
				LD_RUNPATH_SEARCH_PATHS = "$(inherited) @executable_path/Frameworks";
				PRODUCT_BUNDLE_IDENTIFIER = "com.ZhangQi.-----";
				PRODUCT_NAME = "$(TARGET_NAME)";
				TARGETED_DEVICE_FAMILY = "1,2";
			};
			name = Release;
		};
		60E0480221397FC2007156D7 /* Debug */ = {
			isa = XCBuildConfiguration;
			buildSettings = {
				BUNDLE_LOADER = "$(TEST_HOST)";
				CODE_SIGN_STYLE = Automatic;
				DEVELOPMENT_TEAM = E6BAXA68MD;
				INFOPLIST_FILE = "百思不得姐Tests/Info.plist";
				LD_RUNPATH_SEARCH_PATHS = "$(inherited) @executable_path/Frameworks @loader_path/Frameworks";
				PRODUCT_BUNDLE_IDENTIFIER = "com.ZhangQi.-----Tests";
				PRODUCT_NAME = "$(TARGET_NAME)";
				TARGETED_DEVICE_FAMILY = "1,2";
				TEST_HOST = "$(BUILT_PRODUCTS_DIR)/百思不得姐.app/百思不得姐";
			};
			name = Debug;
		};
		60E0480321397FC2007156D7 /* Release */ = {
			isa = XCBuildConfiguration;
			buildSettings = {
				BUNDLE_LOADER = "$(TEST_HOST)";
				CODE_SIGN_STYLE = Automatic;
				DEVELOPMENT_TEAM = E6BAXA68MD;
				INFOPLIST_FILE = "百思不得姐Tests/Info.plist";
				LD_RUNPATH_SEARCH_PATHS = "$(inherited) @executable_path/Frameworks @loader_path/Frameworks";
				PRODUCT_BUNDLE_IDENTIFIER = "com.ZhangQi.-----Tests";
				PRODUCT_NAME = "$(TARGET_NAME)";
				TARGETED_DEVICE_FAMILY = "1,2";
				TEST_HOST = "$(BUILT_PRODUCTS_DIR)/百思不得姐.app/百思不得姐";
			};
			name = Release;
		};
		60E0480521397FC2007156D7 /* Debug */ = {
			isa = XCBuildConfiguration;
			buildSettings = {
				CODE_SIGN_STYLE = Automatic;
				DEVELOPMENT_TEAM = E6BAXA68MD;
				INFOPLIST_FILE = "百思不得姐UITests/Info.plist";
				LD_RUNPATH_SEARCH_PATHS = "$(inherited) @executable_path/Frameworks @loader_path/Frameworks";
				PRODUCT_BUNDLE_IDENTIFIER = "com.ZhangQi.-----UITests";
				PRODUCT_NAME = "$(TARGET_NAME)";
				TARGETED_DEVICE_FAMILY = "1,2";
				TEST_TARGET_NAME = "百思不得姐";
			};
			name = Debug;
		};
		60E0480621397FC2007156D7 /* Release */ = {
			isa = XCBuildConfiguration;
			buildSettings = {
				CODE_SIGN_STYLE = Automatic;
				DEVELOPMENT_TEAM = E6BAXA68MD;
				INFOPLIST_FILE = "百思不得姐UITests/Info.plist";
				LD_RUNPATH_SEARCH_PATHS = "$(inherited) @executable_path/Frameworks @loader_path/Frameworks";
				PRODUCT_BUNDLE_IDENTIFIER = "com.ZhangQi.-----UITests";
				PRODUCT_NAME = "$(TARGET_NAME)";
				TARGETED_DEVICE_FAMILY = "1,2";
				TEST_TARGET_NAME = "百思不得姐";
			};
			name = Release;
		};
/* End XCBuildConfiguration section */

/* Begin XCConfigurationList section */
		60E047CD21397FC2007156D7 /* Build configuration list for PBXProject "百思不得姐" */ = {
			isa = XCConfigurationList;
			buildConfigurations = (
				60E047FC21397FC2007156D7 /* Debug */,
				60E047FD21397FC2007156D7 /* Release */,
			);
			defaultConfigurationIsVisible = 0;
			defaultConfigurationName = Release;
		};
		60E047FE21397FC2007156D7 /* Build configuration list for PBXNativeTarget "百思不得姐" */ = {
			isa = XCConfigurationList;
			buildConfigurations = (
				60E047FF21397FC2007156D7 /* Debug */,
				60E0480021397FC2007156D7 /* Release */,
			);
			defaultConfigurationIsVisible = 0;
			defaultConfigurationName = Release;
		};
		60E0480121397FC2007156D7 /* Build configuration list for PBXNativeTarget "百思不得姐Tests" */ = {
			isa = XCConfigurationList;
			buildConfigurations = (
				60E0480221397FC2007156D7 /* Debug */,
				60E0480321397FC2007156D7 /* Release */,
			);
			defaultConfigurationIsVisible = 0;
			defaultConfigurationName = Release;
		};
		60E0480421397FC2007156D7 /* Build configuration list for PBXNativeTarget "百思不得姐UITests" */ = {
			isa = XCConfigurationList;
			buildConfigurations = (
				60E0480521397FC2007156D7 /* Debug */,
				60E0480621397FC2007156D7 /* Release */,
			);
			defaultConfigurationIsVisible = 0;
			defaultConfigurationName = Release;
		};
/* End XCConfigurationList section */
	};
	rootObject = 60E047CA21397FC2007156D7 /* Project object */;
}
